
Microsoft Visual Studio Solution File, Format Version 12.00
# Visual Studio Version 16
VisualStudioVersion = 16.0.31321.278
MinimumVisualStudioVersion = 10.0.40219.1
Project("{FAE04EC0-301F-11D3-BF4B-00C04F79EFBC}") = "ShippingQuote", "ShippingQuote\ShippingQuote.csproj", "{64A108EB-9A1A-4D77-89EB-38E9739994F2}"
EndProject
Global
	GlobalSection(SolutionConfigurationPlatforms) = preSolution
		Debug|Any CPU = Debug|Any CPU
		Release|Any CPU = Release|Any CPU
	EndGlobalSection
	GlobalSection(ProjectConfigurationPlatforms) = postSolution
		{64A108EB-9A1A-4D77-89EB-38E9739994F2}.Debug|Any CPU.ActiveCfg = Debug|Any CPU
		{64A108EB-9A1A-4D77-89EB-38E9739994F2}.Debug|Any CPU.Build.0 = Debug|Any CPU
		{64A108EB-9A1A-4D77-89EB-38E9739994F2}.Release|Any CPU.ActiveCfg = Release|Any CPU
		{64A108EB-9A1A-4D77-89EB-38E9739994F2}.Release|Any CPU.Build.0 = Release|Any CPU
	EndGlobalSection
	GlobalSection(SolutionProperties) = preSolution
		HideSolutionNode = FALSE
	EndGlobalSection
	GlobalSection(ExtensibilityGlobals) = postSolution
		SolutionGuid = {F3064F9A-7C27-4BAE-BC3E-3A00D3D52914}
	EndGlobalSection
EndGlobal
