
Microsoft Visual Studio Solution File, Format Version 12.00
# Visual Studio Version 16
VisualStudioVersion = 16.0.31410.357
MinimumVisualStudioVersion = 10.0.40219.1
Project("{FAE04EC0-301F-11D3-BF4B-00C04F79EFBC}") = "CarInsurance", "CarInsurance\CarInsurance.csproj", "{6F738869-36A0-4BC5-893D-B32C4D5CAF55}"
EndProject
Global
	GlobalSection(SolutionConfigurationPlatforms) = preSolution
		Debug|Any CPU = Debug|Any CPU
		Release|Any CPU = Release|Any CPU
	EndGlobalSection
	GlobalSection(ProjectConfigurationPlatforms) = postSolution
		{6F738869-36A0-4BC5-893D-B32C4D5CAF55}.Debug|Any CPU.ActiveCfg = Debug|Any CPU
		{6F738869-36A0-4BC5-893D-B32C4D5CAF55}.Debug|Any CPU.Build.0 = Debug|Any CPU
		{6F738869-36A0-4BC5-893D-B32C4D5CAF55}.Release|Any CPU.ActiveCfg = Release|Any CPU
		{6F738869-36A0-4BC5-893D-B32C4D5CAF55}.Release|Any CPU.Build.0 = Release|Any CPU
	EndGlobalSection
	GlobalSection(SolutionProperties) = preSolution
		HideSolutionNode = FALSE
	EndGlobalSection
	GlobalSection(ExtensibilityGlobals) = postSolution
		SolutionGuid = {F655B865-D9EB-4A1A-845F-968B2851DD5E}
	EndGlobalSection
EndGlobal
