
Microsoft Visual Studio Solution File, Format Version 12.00
# Visual Studio Version 16
VisualStudioVersion = 16.0.31321.278
MinimumVisualStudioVersion = 10.0.40219.1
Project("{FAE04EC0-301F-11D3-BF4B-00C04F79EFBC}") = "DailyReport", "DailyReport\DailyReport.csproj", "{6EE1AEDD-3D79-4EFA-8B2D-671F57622EF4}"
EndProject
Global
	GlobalSection(SolutionConfigurationPlatforms) = preSolution
		Debug|Any CPU = Debug|Any CPU
		Release|Any CPU = Release|Any CPU
	EndGlobalSection
	GlobalSection(ProjectConfigurationPlatforms) = postSolution
		{6EE1AEDD-3D79-4EFA-8B2D-671F57622EF4}.Debug|Any CPU.ActiveCfg = Debug|Any CPU
		{6EE1AEDD-3D79-4EFA-8B2D-671F57622EF4}.Debug|Any CPU.Build.0 = Debug|Any CPU
		{6EE1AEDD-3D79-4EFA-8B2D-671F57622EF4}.Release|Any CPU.ActiveCfg = Release|Any CPU
		{6EE1AEDD-3D79-4EFA-8B2D-671F57622EF4}.Release|Any CPU.Build.0 = Release|Any CPU
	EndGlobalSection
	GlobalSection(SolutionProperties) = preSolution
		HideSolutionNode = FALSE
	EndGlobalSection
	GlobalSection(ExtensibilityGlobals) = postSolution
		SolutionGuid = {975E936E-FD96-4886-A2C2-607549BCBCFC}
	EndGlobalSection
EndGlobal
