
Microsoft Visual Studio Solution File, Format Version 12.00
# Visual Studio Version 16
VisualStudioVersion = 16.0.31321.278
MinimumVisualStudioVersion = 10.0.40219.1
Project("{FAE04EC0-301F-11D3-BF4B-00C04F79EFBC}") = "CarInsuranceApplication", "CarInsuranceApplication\CarInsuranceApplication.csproj", "{15B426FE-84FB-456C-81F5-2685032C5BA9}"
EndProject
Global
	GlobalSection(SolutionConfigurationPlatforms) = preSolution
		Debug|Any CPU = Debug|Any CPU
		Release|Any CPU = Release|Any CPU
	EndGlobalSection
	GlobalSection(ProjectConfigurationPlatforms) = postSolution
		{15B426FE-84FB-456C-81F5-2685032C5BA9}.Debug|Any CPU.ActiveCfg = Debug|Any CPU
		{15B426FE-84FB-456C-81F5-2685032C5BA9}.Debug|Any CPU.Build.0 = Debug|Any CPU
		{15B426FE-84FB-456C-81F5-2685032C5BA9}.Release|Any CPU.ActiveCfg = Release|Any CPU
		{15B426FE-84FB-456C-81F5-2685032C5BA9}.Release|Any CPU.Build.0 = Release|Any CPU
	EndGlobalSection
	GlobalSection(SolutionProperties) = preSolution
		HideSolutionNode = FALSE
	EndGlobalSection
	GlobalSection(ExtensibilityGlobals) = postSolution
		SolutionGuid = {5E73B954-0A9D-42F5-A390-85E4318C463B}
	EndGlobalSection
EndGlobal
