
Microsoft Visual Studio Solution File, Format Version 12.00
# Visual Studio Version 16
VisualStudioVersion = 16.0.31410.357
MinimumVisualStudioVersion = 10.0.40219.1
Project("{FAE04EC0-301F-11D3-BF4B-00C04F79EFBC}") = "StudentsApp", "StudentsApp\StudentsApp.csproj", "{1C10CDC6-0F4D-41C8-98C9-E9C7485963FE}"
EndProject
Global
	GlobalSection(SolutionConfigurationPlatforms) = preSolution
		Debug|Any CPU = Debug|Any CPU
		Release|Any CPU = Release|Any CPU
	EndGlobalSection
	GlobalSection(ProjectConfigurationPlatforms) = postSolution
		{1C10CDC6-0F4D-41C8-98C9-E9C7485963FE}.Debug|Any CPU.ActiveCfg = Debug|Any CPU
		{1C10CDC6-0F4D-41C8-98C9-E9C7485963FE}.Debug|Any CPU.Build.0 = Debug|Any CPU
		{1C10CDC6-0F4D-41C8-98C9-E9C7485963FE}.Release|Any CPU.ActiveCfg = Release|Any CPU
		{1C10CDC6-0F4D-41C8-98C9-E9C7485963FE}.Release|Any CPU.Build.0 = Release|Any CPU
	EndGlobalSection
	GlobalSection(SolutionProperties) = preSolution
		HideSolutionNode = FALSE
	EndGlobalSection
	GlobalSection(ExtensibilityGlobals) = postSolution
		SolutionGuid = {CF65332F-3587-450F-BD84-661472564E84}
	EndGlobalSection
EndGlobal
