
Microsoft Visual Studio Solution File, Format Version 12.00
# Visual Studio Version 16
VisualStudioVersion = 16.0.31321.278
MinimumVisualStudioVersion = 10.0.40219.1
Project("{FAE04EC0-301F-11D3-BF4B-00C04F79EFBC}") = "TechAcadStudents_MVC", "TechAcadStudents_MVC\TechAcadStudents_MVC.csproj", "{B1DCD11F-B1B6-4C24-8CBA-F3D8F3231E4F}"
EndProject
Global
	GlobalSection(SolutionConfigurationPlatforms) = preSolution
		Debug|Any CPU = Debug|Any CPU
		Release|Any CPU = Release|Any CPU
	EndGlobalSection
	GlobalSection(ProjectConfigurationPlatforms) = postSolution
		{B1DCD11F-B1B6-4C24-8CBA-F3D8F3231E4F}.Debug|Any CPU.ActiveCfg = Debug|Any CPU
		{B1DCD11F-B1B6-4C24-8CBA-F3D8F3231E4F}.Debug|Any CPU.Build.0 = Debug|Any CPU
		{B1DCD11F-B1B6-4C24-8CBA-F3D8F3231E4F}.Release|Any CPU.ActiveCfg = Release|Any CPU
		{B1DCD11F-B1B6-4C24-8CBA-F3D8F3231E4F}.Release|Any CPU.Build.0 = Release|Any CPU
	EndGlobalSection
	GlobalSection(SolutionProperties) = preSolution
		HideSolutionNode = FALSE
	EndGlobalSection
	GlobalSection(ExtensibilityGlobals) = postSolution
		SolutionGuid = {06A4AA80-85B4-4D5D-A42E-FB888D644A17}
	EndGlobalSection
EndGlobal
