
Microsoft Visual Studio Solution File, Format Version 12.00
# Visual Studio Version 16
VisualStudioVersion = 16.0.31321.278
MinimumVisualStudioVersion = 10.0.40219.1
Project("{F184B08F-C81C-45F6-A57F-5ABD9991F28F}") = "TechAcadStudentsMVC", "TechAcadStudentsMVC\TechAcadStudentsMVC.vbproj", "{5614537D-F46A-4C7D-9F99-6ACA3C0B85BA}"
EndProject
Global
	GlobalSection(SolutionConfigurationPlatforms) = preSolution
		Debug|Any CPU = Debug|Any CPU
		Release|Any CPU = Release|Any CPU
	EndGlobalSection
	GlobalSection(ProjectConfigurationPlatforms) = postSolution
		{5614537D-F46A-4C7D-9F99-6ACA3C0B85BA}.Debug|Any CPU.ActiveCfg = Debug|Any CPU
		{5614537D-F46A-4C7D-9F99-6ACA3C0B85BA}.Debug|Any CPU.Build.0 = Debug|Any CPU
		{5614537D-F46A-4C7D-9F99-6ACA3C0B85BA}.Release|Any CPU.ActiveCfg = Release|Any CPU
		{5614537D-F46A-4C7D-9F99-6ACA3C0B85BA}.Release|Any CPU.Build.0 = Release|Any CPU
	EndGlobalSection
	GlobalSection(SolutionProperties) = preSolution
		HideSolutionNode = FALSE
	EndGlobalSection
	GlobalSection(ExtensibilityGlobals) = postSolution
		SolutionGuid = {E8054390-E1D6-4EA2-865A-707A078CC8B8}
	EndGlobalSection
EndGlobal
